// !$*UTF8*$!
{
	archiveVersion = 1;
	classes = {
	};
	objectVersion = 55;
	objects = {

/* Begin PBXBuildFile section */
		D91AC97727135DE30077CDD0 /* TriviaScreen.swift in Sources */ = {isa = PBXBuildFile; fileRef = D91AC97627135DE30077CDD0 /* TriviaScreen.swift */; };
		D91AC97B271376110077CDD0 /* TriviaViewModel.swift in Sources */ = {isa = PBXBuildFile; fileRef = D91AC97A271376110077CDD0 /* TriviaViewModel.swift */; };
		D91AC97D27137C320077CDD0 /* TriviaService.swift in Sources */ = {isa = PBXBuildFile; fileRef = D91AC97C27137C320077CDD0 /* TriviaService.swift */; };
		D91AC980271382FF0077CDD0 /* LoadingView.swift in Sources */ = {isa = PBXBuildFile; fileRef = D91AC97F271382FF0077CDD0 /* LoadingView.swift */; };
		D9AD021C270F3212006D0E66 /* TriviaApp.swift in Sources */ = {isa = PBXBuildFile; fileRef = D9AD021B270F3212006D0E66 /* TriviaApp.swift */; };
		D9AD021E270F3212006D0E66 /* TriviaView.swift in Sources */ = {isa = PBXBuildFile; fileRef = D9AD021D270F3212006D0E66 /* TriviaView.swift */; };
		D9AD0220270F3226006D0E66 /* Assets.xcassets in Resources */ = {isa = PBXBuildFile; fileRef = D9AD021F270F3226006D0E66 /* Assets.xcassets */; };
		D9AD0223270F3226006D0E66 /* Preview Assets.xcassets in Resources */ = {isa = PBXBuildFile; fileRef = D9AD0222270F3226006D0E66 /* Preview Assets.xcassets */; };
		D9AD022D270F32C2006D0E66 /* APIConstants.swift in Sources */ = {isa = PBXBuildFile; fileRef = D9AD022C270F32C2006D0E66 /* APIConstants.swift */; };
		D9AD0236270F3414006D0E66 /* Trivia.swift in Sources */ = {isa = PBXBuildFile; fileRef = D9AD0235270F3414006D0E66 /* Trivia.swift */; };
/* End PBXBuildFile section */

/* Begin PBXFileReference section */
		D91AC97627135DE30077CDD0 /* TriviaScreen.swift */ = {isa = PBXFileReference; lastKnownFileType = sourcecode.swift; path = TriviaScreen.swift; sourceTree = "<group>"; };
		D91AC97A271376110077CDD0 /* TriviaViewModel.swift */ = {isa = PBXFileReference; lastKnownFileType = sourcecode.swift; path = TriviaViewModel.swift; sourceTree = "<group>"; };
		D91AC97C27137C320077CDD0 /* TriviaService.swift */ = {isa = PBXFileReference; lastKnownFileType = sourcecode.swift; path = TriviaService.swift; sourceTree = "<group>"; };
		D91AC97F271382FF0077CDD0 /* LoadingView.swift */ = {isa = PBXFileReference; lastKnownFileType = sourcecode.swift; path = LoadingView.swift; sourceTree = "<group>"; };
		D9AD0218270F3212006D0E66 /* Trivia.app */ = {isa = PBXFileReference; explicitFileType = wrapper.application; includeInIndex = 0; path = Trivia.app; sourceTree = BUILT_PRODUCTS_DIR; };
		D9AD021B270F3212006D0E66 /* TriviaApp.swift */ = {isa = PBXFileReference; lastKnownFileType = sourcecode.swift; path = TriviaApp.swift; sourceTree = "<group>"; };
		D9AD021D270F3212006D0E66 /* TriviaView.swift */ = {isa = PBXFileReference; lastKnownFileType = sourcecode.swift; path = TriviaView.swift; sourceTree = "<group>"; };
		D9AD021F270F3226006D0E66 /* Assets.xcassets */ = {isa = PBXFileReference; lastKnownFileType = folder.assetcatalog; path = Assets.xcassets; sourceTree = "<group>"; };
		D9AD0222270F3226006D0E66 /* Preview Assets.xcassets */ = {isa = PBXFileReference; lastKnownFileType = folder.assetcatalog; path = "Preview Assets.xcassets"; sourceTree = "<group>"; };
		D9AD022C270F32C2006D0E66 /* APIConstants.swift */ = {isa = PBXFileReference; lastKnownFileType = sourcecode.swift; path = APIConstants.swift; sourceTree = "<group>"; };
		D9AD0235270F3414006D0E66 /* Trivia.swift */ = {isa = PBXFileReference; lastKnownFileType = sourcecode.swift; path = Trivia.swift; sourceTree = "<group>"; };
/* End PBXFileReference section */

/* Begin PBXFrameworksBuildPhase section */
		D9AD0215270F3212006D0E66 /* Frameworks */ = {
			isa = PBXFrameworksBuildPhase;
			buildActionMask = 2147483647;
			files = (
			);
			runOnlyForDeploymentPostprocessing = 0;
		};
/* End PBXFrameworksBuildPhase section */

/* Begin PBXGroup section */
		D91AC97E271382E90077CDD0 /* Views */ = {
			isa = PBXGroup;
			children = (
				D91AC97F271382FF0077CDD0 /* LoadingView.swift */,
			);
			path = Views;
			sourceTree = "<group>";
		};
		D9AD020F270F3212006D0E66 = {
			isa = PBXGroup;
			children = (
				D9AD021A270F3212006D0E66 /* Trivia */,
				D9AD0219270F3212006D0E66 /* Products */,
			);
			sourceTree = "<group>";
		};
		D9AD0219270F3212006D0E66 /* Products */ = {
			isa = PBXGroup;
			children = (
				D9AD0218270F3212006D0E66 /* Trivia.app */,
			);
			name = Products;
			sourceTree = "<group>";
		};
		D9AD021A270F3212006D0E66 /* Trivia */ = {
			isa = PBXGroup;
			children = (
				D9AD022A270F32A0006D0E66 /* Constants */,
				D9AD022E270F3382006D0E66 /* Feature */,
				D9AD021B270F3212006D0E66 /* TriviaApp.swift */,
				D9AD021F270F3226006D0E66 /* Assets.xcassets */,
				D9AD0221270F3226006D0E66 /* Preview Content */,
			);
			path = Trivia;
			sourceTree = "<group>";
		};
		D9AD0221270F3226006D0E66 /* Preview Content */ = {
			isa = PBXGroup;
			children = (
				D9AD0222270F3226006D0E66 /* Preview Assets.xcassets */,
			);
			path = "Preview Content";
			sourceTree = "<group>";
		};
		D9AD022A270F32A0006D0E66 /* Constants */ = {
			isa = PBXGroup;
			children = (
				D91AC97E271382E90077CDD0 /* Views */,
				D9AD022C270F32C2006D0E66 /* APIConstants.swift */,
			);
			path = Constants;
			sourceTree = "<group>";
		};
		D9AD022E270F3382006D0E66 /* Feature */ = {
			isa = PBXGroup;
			children = (
				D9AD022F270F3392006D0E66 /* TrivaQuestions */,
			);
			path = Feature;
			sourceTree = "<group>";
		};
		D9AD022F270F3392006D0E66 /* TrivaQuestions */ = {
			isa = PBXGroup;
			children = (
				D9AD0234270F33E4006D0E66 /* Views */,
				D9AD0233270F33DF006D0E66 /* Screen */,
				D9AD0232270F33D1006D0E66 /* TriviaService */,
				D9AD0230270F33B3006D0E66 /* ViewModel */,
				D9AD0231270F33B9006D0E66 /* Model */,
			);
			path = TrivaQuestions;
			sourceTree = "<group>";
		};
		D9AD0230270F33B3006D0E66 /* ViewModel */ = {
			isa = PBXGroup;
			children = (
				D91AC97A271376110077CDD0 /* TriviaViewModel.swift */,
			);
			path = ViewModel;
			sourceTree = "<group>";
		};
		D9AD0231270F33B9006D0E66 /* Model */ = {
			isa = PBXGroup;
			children = (
				D9AD0235270F3414006D0E66 /* Trivia.swift */,
			);
			path = Model;
			sourceTree = "<group>";
		};
		D9AD0232270F33D1006D0E66 /* TriviaService */ = {
			isa = PBXGroup;
			children = (
				D91AC97C27137C320077CDD0 /* TriviaService.swift */,
			);
			path = TriviaService;
			sourceTree = "<group>";
		};
		D9AD0233270F33DF006D0E66 /* Screen */ = {
			isa = PBXGroup;
			children = (
				D91AC97627135DE30077CDD0 /* TriviaScreen.swift */,
			);
			path = Screen;
			sourceTree = "<group>";
		};
		D9AD0234270F33E4006D0E66 /* Views */ = {
			isa = PBXGroup;
			children = (
				D9AD021D270F3212006D0E66 /* TriviaView.swift */,
			);
			path = Views;
			sourceTree = "<group>";
		};
/* End PBXGroup section */

/* Begin PBXNativeTarget section */
		D9AD0217270F3212006D0E66 /* Trivia */ = {
			isa = PBXNativeTarget;
			buildConfigurationList = D9AD0226270F3226006D0E66 /* Build configuration list for PBXNativeTarget "Trivia" */;
			buildPhases = (
				D9AD0214270F3212006D0E66 /* Sources */,
				D9AD0215270F3212006D0E66 /* Frameworks */,
				D9AD0216270F3212006D0E66 /* Resources */,
			);
			buildRules = (
			);
			dependencies = (
			);
			name = Trivia;
			productName = Trivia;
			productReference = D9AD0218270F3212006D0E66 /* Trivia.app */;
			productType = "com.apple.product-type.application";
		};
/* End PBXNativeTarget section */

/* Begin PBXProject section */
		D9AD0210270F3212006D0E66 /* Project object */ = {
			isa = PBXProject;
			attributes = {
				BuildIndependentTargetsInParallel = 1;
				LastSwiftUpdateCheck = 1300;
				LastUpgradeCheck = 1300;
				TargetAttributes = {
					D9AD0217270F3212006D0E66 = {
						CreatedOnToolsVersion = 13.0;
					};
				};
			};
			buildConfigurationList = D9AD0213270F3212006D0E66 /* Build configuration list for PBXProject "Trivia" */;
			compatibilityVersion = "Xcode 13.0";
			developmentRegion = en;
			hasScannedForEncodings = 0;
			knownRegions = (
				en,
				Base,
			);
			mainGroup = D9AD020F270F3212006D0E66;
			productRefGroup = D9AD0219270F3212006D0E66 /* Products */;
			projectDirPath = "";
			projectRoot = "";
			targets = (
				D9AD0217270F3212006D0E66 /* Trivia */,
			);
		};
/* End PBXProject section */

/* Begin PBXResourcesBuildPhase section */
		D9AD0216270F3212006D0E66 /* Resources */ = {
			isa = PBXResourcesBuildPhase;
			buildActionMask = 2147483647;
			files = (
				D9AD0223270F3226006D0E66 /* Preview Assets.xcassets in Resources */,
				D9AD0220270F3226006D0E66 /* Assets.xcassets in Resources */,
			);
			runOnlyForDeploymentPostprocessing = 0;
		};
/* End PBXResourcesBuildPhase section */

/* Begin PBXSourcesBuildPhase section */
		D9AD0214270F3212006D0E66 /* Sources */ = {
			isa = PBXSourcesBuildPhase;
			buildActionMask = 2147483647;
			files = (
				D91AC97D27137C320077CDD0 /* TriviaService.swift in Sources */,
				D9AD021E270F3212006D0E66 /* TriviaView.swift in Sources */,
				D9AD021C270F3212006D0E66 /* TriviaApp.swift in Sources */,
				D9AD0236270F3414006D0E66 /* Trivia.swift in Sources */,
				D91AC97727135DE30077CDD0 /* TriviaScreen.swift in Sources */,
				D91AC980271382FF0077CDD0 /* LoadingView.swift in Sources */,
				D9AD022D270F32C2006D0E66 /* APIConstants.swift in Sources */,
				D91AC97B271376110077CDD0 /* TriviaViewModel.swift in Sources */,
			);
			runOnlyForDeploymentPostprocessing = 0;
		};
/* End PBXSourcesBuildPhase section */

/* Begin XCBuildConfiguration section */
		D9AD0224270F3226006D0E66 /* Debug */ = {
			isa = XCBuildConfiguration;
			buildSettings = {
				ALWAYS_SEARCH_USER_PATHS = NO;
				CLANG_ANALYZER_NONNULL = YES;
				CLANG_ANALYZER_NUMBER_OBJECT_CONVERSION = YES_AGGRESSIVE;
				CLANG_CXX_LANGUAGE_STANDARD = "gnu++17";
				CLANG_CXX_LIBRARY = "libc++";
				CLANG_ENABLE_MODULES = YES;
				CLANG_ENABLE_OBJC_ARC = YES;
				CLANG_ENABLE_OBJC_WEAK = YES;
				CLANG_WARN_BLOCK_CAPTURE_AUTORELEASING = YES;
				CLANG_WARN_BOOL_CONVERSION = YES;
				CLANG_WARN_COMMA = YES;
				CLANG_WARN_CONSTANT_CONVERSION = YES;
				CLANG_WARN_DEPRECATED_OBJC_IMPLEMENTATIONS = YES;
				CLANG_WARN_DIRECT_OBJC_ISA_USAGE = YES_ERROR;
				CLANG_WARN_DOCUMENTATION_COMMENTS = YES;
				CLANG_WARN_EMPTY_BODY = YES;
				CLANG_WARN_ENUM_CONVERSION = YES;
				CLANG_WARN_INFINITE_RECURSION = YES;
				CLANG_WARN_INT_CONVERSION = YES;
				CLANG_WARN_NON_LITERAL_NULL_CONVERSION = YES;
				CLANG_WARN_OBJC_IMPLICIT_RETAIN_SELF = YES;
				CLANG_WARN_OBJC_LITERAL_CONVERSION = YES;
				CLANG_WARN_OBJC_ROOT_CLASS = YES_ERROR;
				CLANG_WARN_QUOTED_INCLUDE_IN_FRAMEWORK_HEADER = YES;
				CLANG_WARN_RANGE_LOOP_ANALYSIS = YES;
				CLANG_WARN_STRICT_PROTOTYPES = YES;
				CLANG_WARN_SUSPICIOUS_MOVE = YES;
				CLANG_WARN_UNGUARDED_AVAILABILITY = YES_AGGRESSIVE;
				CLANG_WARN_UNREACHABLE_CODE = YES;
				CLANG_WARN__DUPLICATE_METHOD_MATCH = YES;
				COPY_PHASE_STRIP = NO;
				DEBUG_INFORMATION_FORMAT = dwarf;
				ENABLE_STRICT_OBJC_MSGSEND = YES;
				ENABLE_TESTABILITY = YES;
				GCC_C_LANGUAGE_STANDARD = gnu11;
				GCC_DYNAMIC_NO_PIC = NO;
				GCC_NO_COMMON_BLOCKS = YES;
				GCC_OPTIMIZATION_LEVEL = 0;
				GCC_PREPROCESSOR_DEFINITIONS = (
					"DEBUG=1",
					"$(inherited)",
				);
				GCC_WARN_64_TO_32_BIT_CONVERSION = YES;
				GCC_WARN_ABOUT_RETURN_TYPE = YES_ERROR;
				GCC_WARN_UNDECLARED_SELECTOR = YES;
				GCC_WARN_UNINITIALIZED_AUTOS = YES_AGGRESSIVE;
				GCC_WARN_UNUSED_FUNCTION = YES;
				GCC_WARN_UNUSED_VARIABLE = YES;
				IPHONEOS_DEPLOYMENT_TARGET = 15.0;
				MTL_ENABLE_DEBUG_INFO = INCLUDE_SOURCE;
				MTL_FAST_MATH = YES;
				ONLY_ACTIVE_ARCH = YES;
				SDKROOT = iphoneos;
				SWIFT_ACTIVE_COMPILATION_CONDITIONS = DEBUG;
				SWIFT_OPTIMIZATION_LEVEL = "-Onone";
			};
			name = Debug;
		};
		D9AD0225270F3226006D0E66 /* Release */ = {
			isa = XCBuildConfiguration;
			buildSettings = {
				ALWAYS_SEARCH_USER_PATHS = NO;
				CLANG_ANALYZER_NONNULL = YES;
				CLANG_ANALYZER_NUMBER_OBJECT_CONVERSION = YES_AGGRESSIVE;
				CLANG_CXX_LANGUAGE_STANDARD = "gnu++17";
				CLANG_CXX_LIBRARY = "libc++";
				CLANG_ENABLE_MODULES = YES;
				CLANG_ENABLE_OBJC_ARC = YES;
				CLANG_ENABLE_OBJC_WEAK = YES;
				CLANG_WARN_BLOCK_CAPTURE_AUTORELEASING = YES;
				CLANG_WARN_BOOL_CONVERSION = YES;
				CLANG_WARN_COMMA = YES;
				CLANG_WARN_CONSTANT_CONVERSION = YES;
				CLANG_WARN_DEPRECATED_OBJC_IMPLEMENTATIONS = YES;
				CLANG_WARN_DIRECT_OBJC_ISA_USAGE = YES_ERROR;
				CLANG_WARN_DOCUMENTATION_COMMENTS = YES;
				CLANG_WARN_EMPTY_BODY = YES;
				CLANG_WARN_ENUM_CONVERSION = YES;
				CLANG_WARN_INFINITE_RECURSION = YES;
				CLANG_WARN_INT_CONVERSION = YES;
				CLANG_WARN_NON_LITERAL_NULL_CONVERSION = YES;
				CLANG_WARN_OBJC_IMPLICIT_RETAIN_SELF = YES;
				CLANG_WARN_OBJC_LITERAL_CONVERSION = YES;
				CLANG_WARN_OBJC_ROOT_CLASS = YES_ERROR;
				CLANG_WARN_QUOTED_INCLUDE_IN_FRAMEWORK_HEADER = YES;
				CLANG_WARN_RANGE_LOOP_ANALYSIS = YES;
				CLANG_WARN_STRICT_PROTOTYPES = YES;
				CLANG_WARN_SUSPICIOUS_MOVE = YES;
				CLANG_WARN_UNGUARDED_AVAILABILITY = YES_AGGRESSIVE;
				CLANG_WARN_UNREACHABLE_CODE = YES;
				CLANG_WARN__DUPLICATE_METHOD_MATCH = YES;
				COPY_PHASE_STRIP = NO;
				DEBUG_INFORMATION_FORMAT = "dwarf-with-dsym";
				ENABLE_NS_ASSERTIONS = NO;
				ENABLE_STRICT_OBJC_MSGSEND = YES;
				GCC_C_LANGUAGE_STANDARD = gnu11;
				GCC_NO_COMMON_BLOCKS = YES;
				GCC_WARN_64_TO_32_BIT_CONVERSION = YES;
				GCC_WARN_ABOUT_RETURN_TYPE = YES_ERROR;
				GCC_WARN_UNDECLARED_SELECTOR = YES;
				GCC_WARN_UNINITIALIZED_AUTOS = YES_AGGRESSIVE;
				GCC_WARN_UNUSED_FUNCTION = YES;
				GCC_WARN_UNUSED_VARIABLE = YES;
				IPHONEOS_DEPLOYMENT_TARGET = 15.0;
				MTL_ENABLE_DEBUG_INFO = NO;
				MTL_FAST_MATH = YES;
				SDKROOT = iphoneos;
				SWIFT_COMPILATION_MODE = wholemodule;
				SWIFT_OPTIMIZATION_LEVEL = "-O";
				VALIDATE_PRODUCT = YES;
			};
			name = Release;
		};
		D9AD0227270F3226006D0E66 /* Debug */ = {
			isa = XCBuildConfiguration;
			buildSettings = {
				ASSETCATALOG_COMPILER_APPICON_NAME = AppIcon;
				ASSETCATALOG_COMPILER_GLOBAL_ACCENT_COLOR_NAME = AccentColor;
				CODE_SIGN_STYLE = Automatic;
				CURRENT_PROJECT_VERSION = 1;
				DEVELOPMENT_ASSET_PATHS = "\"Trivia/Preview Content\"";
				DEVELOPMENT_TEAM = 5MJ295G5NG;
				ENABLE_PREVIEWS = YES;
				GENERATE_INFOPLIST_FILE = YES;
				INFOPLIST_KEY_UIApplicationSceneManifest_Generation = YES;
				INFOPLIST_KEY_UIApplicationSupportsIndirectInputEvents = YES;
				INFOPLIST_KEY_UILaunchScreen_Generation = YES;
				INFOPLIST_KEY_UISupportedInterfaceOrientations_iPad = "UIInterfaceOrientationPortrait UIInterfaceOrientationPortraitUpsideDown UIInterfaceOrientationLandscapeLeft UIInterfaceOrientationLandscapeRight";
				INFOPLIST_KEY_UISupportedInterfaceOrientations_iPhone = "UIInterfaceOrientationPortrait UIInterfaceOrientationLandscapeLeft UIInterfaceOrientationLandscapeRight";
				IPHONEOS_DEPLOYMENT_TARGET = 15.0;
				LD_RUNPATH_SEARCH_PATHS = (
					"$(inherited)",
					"@executable_path/Frameworks",
				);
				MARKETING_VERSION = 1.0;
				PRODUCT_BUNDLE_IDENTIFIER = ca.abdulkhan.Trivia;
				PRODUCT_NAME = "$(TARGET_NAME)";
				SWIFT_EMIT_LOC_STRINGS = YES;
				SWIFT_VERSION = 5.0;
				TARGETED_DEVICE_FAMILY = "1,2";
			};
			name = Debug;
		};
		D9AD0228270F3226006D0E66 /* Release */ = {
			isa = XCBuildConfiguration;
			buildSettings = {
				ASSETCATALOG_COMPILER_APPICON_NAME = AppIcon;
				ASSETCATALOG_COMPILER_GLOBAL_ACCENT_COLOR_NAME = AccentColor;
				CODE_SIGN_STYLE = Automatic;
				CURRENT_PROJECT_VERSION = 1;
				DEVELOPMENT_ASSET_PATHS = "\"Trivia/Preview Content\"";
				DEVELOPMENT_TEAM = 5MJ295G5NG;
				ENABLE_PREVIEWS = YES;
				GENERATE_INFOPLIST_FILE = YES;
				INFOPLIST_KEY_UIApplicationSceneManifest_Generation = YES;
				INFOPLIST_KEY_UIApplicationSupportsIndirectInputEvents = YES;
				INFOPLIST_KEY_UILaunchScreen_Generation = YES;
				INFOPLIST_KEY_UISupportedInterfaceOrientations_iPad = "UIInterfaceOrientationPortrait UIInterfaceOrientationPortraitUpsideDown UIInterfaceOrientationLandscapeLeft UIInterfaceOrientationLandscapeRight";
				INFOPLIST_KEY_UISupportedInterfaceOrientations_iPhone = "UIInterfaceOrientationPortrait UIInterfaceOrientationLandscapeLeft UIInterfaceOrientationLandscapeRight";
				IPHONEOS_DEPLOYMENT_TARGET = 15.0;
				LD_RUNPATH_SEARCH_PATHS = (
					"$(inherited)",
					"@executable_path/Frameworks",
				);
				MARKETING_VERSION = 1.0;
				PRODUCT_BUNDLE_IDENTIFIER = ca.abdulkhan.Trivia;
				PRODUCT_NAME = "$(TARGET_NAME)";
				SWIFT_EMIT_LOC_STRINGS = YES;
				SWIFT_VERSION = 5.0;
				TARGETED_DEVICE_FAMILY = "1,2";
			};
			name = Release;
		};
/* End XCBuildConfiguration section */

/* Begin XCConfigurationList section */
		D9AD0213270F3212006D0E66 /* Build configuration list for PBXProject "Trivia" */ = {
			isa = XCConfigurationList;
			buildConfigurations = (
				D9AD0224270F3226006D0E66 /* Debug */,
				D9AD0225270F3226006D0E66 /* Release */,
			);
			defaultConfigurationIsVisible = 0;
			defaultConfigurationName = Release;
		};
		D9AD0226270F3226006D0E66 /* Build configuration list for PBXNativeTarget "Trivia" */ = {
			isa = XCConfigurationList;
			buildConfigurations = (
				D9AD0227270F3226006D0E66 /* Debug */,
				D9AD0228270F3226006D0E66 /* Release */,
			);
			defaultConfigurationIsVisible = 0;
			defaultConfigurationName = Release;
		};
/* End XCConfigurationList section */
	};
	rootObject = D9AD0210270F3212006D0E66 /* Project object */;
}
